{
    "_meta": {
        "hash": {
            "sha256": "4d77200f33d91677e6ff8fc621ccf20c0fd5c6cfce85270d4fde2e52b0696353"
        },
        "pipfile-spec": 6,
        "requires": {
            "python_version": "3.7"
        },
        "sources": [
            {
                "name": "pypi",
                "url": "https://pypi.org/simple",
                "verify_ssl": true
            }
        ]
    },
    "default": {
        "wkhtmltopdf": {
            "hashes": [
                "sha256:530fffb5d1faf4f4cd5248c14fd1b4b7fe311541d0660dc2c2272c32b3c72211"
            ],
            "index": "pypi",
            "version": "==0.2"
        }
    },
    "develop": {}
}
